
Microsoft Visual Studio Solution File, Format Version 11.00
# Visual Studio 2010
Project("{8BC9CEB8-8B4A-11D0-8D11-00A0C91BC942}") = "Pago Tenencia", "Pago Tenencia\Pago Tenencia.vcxproj", "{9E00FE76-2B9E-4F36-ADC1-F70AF03C349C}"
EndProject
Global
	GlobalSection(SolutionConfigurationPlatforms) = preSolution
		Debug|Win32 = Debug|Win32
		Release|Win32 = Release|Win32
	EndGlobalSection
	GlobalSection(ProjectConfigurationPlatforms) = postSolution
		{9E00FE76-2B9E-4F36-ADC1-F70AF03C349C}.Debug|Win32.ActiveCfg = Debug|Win32
		{9E00FE76-2B9E-4F36-ADC1-F70AF03C349C}.Debug|Win32.Build.0 = Debug|Win32
		{9E00FE76-2B9E-4F36-ADC1-F70AF03C349C}.Release|Win32.ActiveCfg = Release|Win32
		{9E00FE76-2B9E-4F36-ADC1-F70AF03C349C}.Release|Win32.Build.0 = Release|Win32
	EndGlobalSection
	GlobalSection(SolutionProperties) = preSolution
		HideSolutionNode = FALSE
	EndGlobalSection
EndGlobal
