
Microsoft Visual Studio Solution File, Format Version 11.00
# Visual Studio 2010
Project("{F184B08F-C81C-45F6-A57F-5ABD9991F28F}") = "Manejo de cadenas", "Manejo de cadenas\Manejo de cadenas.vbproj", "{692578B8-0840-4452-BE00-39B51E0A0137}"
EndProject
Global
	GlobalSection(SolutionConfigurationPlatforms) = preSolution
		Debug|x86 = Debug|x86
		Release|x86 = Release|x86
	EndGlobalSection
	GlobalSection(ProjectConfigurationPlatforms) = postSolution
		{692578B8-0840-4452-BE00-39B51E0A0137}.Debug|x86.ActiveCfg = Debug|x86
		{692578B8-0840-4452-BE00-39B51E0A0137}.Debug|x86.Build.0 = Debug|x86
		{692578B8-0840-4452-BE00-39B51E0A0137}.Release|x86.ActiveCfg = Release|x86
		{692578B8-0840-4452-BE00-39B51E0A0137}.Release|x86.Build.0 = Release|x86
	EndGlobalSection
	GlobalSection(SolutionProperties) = preSolution
		HideSolutionNode = FALSE
	EndGlobalSection
EndGlobal
