
Microsoft Visual Studio Solution File, Format Version 11.00
# Visual Studio 2010
Project("{F184B08F-C81C-45F6-A57F-5ABD9991F28F}") = "articulos1", "articulos1\articulos1.vbproj", "{BCD35283-B27F-4F2E-BA28-3EB88FE9B130}"
EndProject
Global
	GlobalSection(SolutionConfigurationPlatforms) = preSolution
		Debug|x86 = Debug|x86
		Release|x86 = Release|x86
	EndGlobalSection
	GlobalSection(ProjectConfigurationPlatforms) = postSolution
		{BCD35283-B27F-4F2E-BA28-3EB88FE9B130}.Debug|x86.ActiveCfg = Debug|x86
		{BCD35283-B27F-4F2E-BA28-3EB88FE9B130}.Debug|x86.Build.0 = Debug|x86
		{BCD35283-B27F-4F2E-BA28-3EB88FE9B130}.Release|x86.ActiveCfg = Release|x86
		{BCD35283-B27F-4F2E-BA28-3EB88FE9B130}.Release|x86.Build.0 = Release|x86
	EndGlobalSection
	GlobalSection(SolutionProperties) = preSolution
		HideSolutionNode = FALSE
	EndGlobalSection
EndGlobal
